# THIS IS AN AUTOGENERATED FILE. DO NOT EDIT THIS FILE DIRECTLY.
# yarn lockfile v1


acorn-jsx@^3.0.0:
  version "3.0.1"
  resolved "https://registry.yarnpkg.com/acorn-jsx/-/acorn-jsx-3.0.1.tgz#afdf9488fb1ecefc8348f6fb22f464e32a58b36b"
  dependencies:
    acorn "^3.0.4"

acorn@^3.0.4, acorn@^3.3.0:
  version "3.3.0"
  resolved "https://registry.yarnpkg.com/acorn/-/acorn-3.3.0.tgz#45e37fb39e8da3f25baee3ff5369e2bb5f22017a"

ansi-escape-sequences@^2.2.1, ansi-escape-sequences@^2.2.2:
  version "2.2.2"
  resolved "https://registry.yarnpkg.com/ansi-escape-sequences/-/ansi-escape-sequences-2.2.2.tgz#174c78d6f8b7de75f8957ae81c7f72210c701635"
  dependencies:
    array-back "^1.0.2"
    collect-all "~0.2.1"

array-back@^1.0.2, array-back@^1.0.3, array-back@^1.0.4:
  version "1.0.4"
  resolved "https://registry.yarnpkg.com/array-back/-/array-back-1.0.4.tgz#644ba7f095f7ffcf7c43b5f0dc39d3c1f03c063b"
  dependencies:
    typical "^2.6.0"

array-tools@^2:
  version "2.0.9"
  resolved "https://registry.yarnpkg.com/array-tools/-/array-tools-2.0.9.tgz#5a511de7a41be0eec9ffdcd4912d0af9f0caca35"
  dependencies:
    ansi-escape-sequences "^2.2.2"
    array-back "^1.0.2"
    collect-json "^1.0.7"
    filter-where "^1.0.1"
    object-get "^2.0.0"
    reduce-extract "^1.0.0"
    reduce-flatten "^1.0.0"
    reduce-unique "^1.0.0"
    reduce-without "^1.0.0"
    sort-array "^1.0.0"
    test-value "^1.0.1"

asap@~2.0.3:
  version "2.0.6"
  resolved "https://registry.yarnpkg.com/asap/-/asap-2.0.6.tgz#e50347611d7e690943208bbdafebcbc2fb866d46"

assertion-error@^1.0.1:
  version "1.0.2"
  resolved "https://registry.yarnpkg.com/assertion-error/-/assertion-error-1.0.2.tgz#13ca515d86206da0bac66e834dd397d87581094c"

balanced-match@^1.0.0:
  version "1.0.0"
  resolved "https://registry.yarnpkg.com/balanced-match/-/balanced-match-1.0.0.tgz#89b4d199ab2bee49de164ea02b89ce462d71b767"

bluebird@~3.4.6:
  version "3.4.7"
  resolved "https://registry.yarnpkg.com/bluebird/-/bluebird-3.4.7.tgz#f72d760be09b7f76d08ed8fae98b289a8d05fab3"

brace-expansion@^1.0.0, brace-expansion@^1.1.7:
  version "1.1.8"
  resolved "https://registry.yarnpkg.com/brace-expansion/-/brace-expansion-1.1.8.tgz#c07b211c7c952ec1f8efd51a77ef0d1d3990a292"
  dependencies:
    balanced-match "^1.0.0"
    concat-map "0.0.1"

cache-point@~0.3.3:
  version "0.3.4"
  resolved "https://registry.yarnpkg.com/cache-point/-/cache-point-0.3.4.tgz#152db502c6bb23b5aa3f663e230d5de8ec4e4f3f"
  dependencies:
    array-back "^1.0.3"
    core-js "^2.4.1"
    feature-detect-es6 "^1.3.1"
    fs-then-native "^1.0.2"
    mkdirp "~0.5.1"

catharsis@~0.8.8:
  version "0.8.9"
  resolved "https://registry.yarnpkg.com/catharsis/-/catharsis-0.8.9.tgz#98cc890ca652dd2ef0e70b37925310ff9e90fc8b"
  dependencies:
    underscore-contrib "~0.3.0"

chai@^3.3.0:
  version "3.5.0"
  resolved "https://registry.yarnpkg.com/chai/-/chai-3.5.0.tgz#4d02637b067fe958bdbfdd3a40ec56fef7373247"
  dependencies:
    assertion-error "^1.0.1"
    deep-eql "^0.1.3"
    type-detect "^1.0.0"

collect-all@^1.0.2:
  version "1.0.3"
  resolved "https://registry.yarnpkg.com/collect-all/-/collect-all-1.0.3.tgz#1abcc20448b58a1447487fcf34130e9512b0acf8"
  dependencies:
    stream-connect "^1.0.2"
    stream-via "^1.0.4"

collect-all@~0.2.1:
  version "0.2.1"
  resolved "https://registry.yarnpkg.com/collect-all/-/collect-all-0.2.1.tgz#7225fb4585c22d4ffac886f0abaf5abc563a1a6a"
  dependencies:
    stream-connect "^1.0.1"
    stream-via "~0.1.0"
    typical "^2.3.0"

collect-json@^1.0.1, collect-json@^1.0.7, collect-json@^1.0.8:
  version "1.0.8"
  resolved "https://registry.yarnpkg.com/collect-json/-/collect-json-1.0.8.tgz#aa2fa52b4d1d9444ce690f07a1e3617ab74bb827"
  dependencies:
    collect-all "^1.0.2"
    stream-connect "^1.0.2"
    stream-via "^1.0.3"

column-layout@^2.1.1:
  version "2.1.4"
  resolved "https://registry.yarnpkg.com/column-layout/-/column-layout-2.1.4.tgz#ed2857092ccf8338026fe538379d9672d70b3641"
  dependencies:
    ansi-escape-sequences "^2.2.2"
    array-back "^1.0.3"
    collect-json "^1.0.8"
    command-line-args "^2.1.6"
    core-js "^2.4.0"
    deep-extend "~0.4.1"
    feature-detect-es6 "^1.2.0"
    object-tools "^2.0.6"
    typical "^2.4.2"
    wordwrapjs "^1.2.0"

command-line-args@^2.1.4, command-line-args@^2.1.6:
  version "2.1.6"
  resolved "https://registry.yarnpkg.com/command-line-args/-/command-line-args-2.1.6.tgz#f197d6eaff34c9085577484b2864375b294f5697"
  dependencies:
    array-back "^1.0.2"
    command-line-usage "^2"
    core-js "^2.0.1"
    feature-detect-es6 "^1.2.0"
    find-replace "^1"
    typical "^2.3.0"

command-line-tool@^0.1.0:
  version "0.1.0"
  resolved "https://registry.yarnpkg.com/command-line-tool/-/command-line-tool-0.1.0.tgz#91a11ba48ac63a4a687554367980f7c6423c149d"
  dependencies:
    ansi-escape-sequences "^2.2.1"
    array-back "^1.0.2"

command-line-usage@^2:
  version "2.0.5"
  resolved "https://registry.yarnpkg.com/command-line-usage/-/command-line-usage-2.0.5.tgz#f80c35ca5e8624841923ea3be3b9bfbf4f7be27b"
  dependencies:
    ansi-escape-sequences "^2.2.2"
    array-back "^1.0.3"
    column-layout "^2.1.1"
    feature-detect-es6 "^1.2.0"
    typical "^2.4.2"
    wordwrapjs "^1.2.0"

commander@0.6.1:
  version "0.6.1"
  resolved "https://registry.yarnpkg.com/commander/-/commander-0.6.1.tgz#fa68a14f6a945d54dbbe50d8cdb3320e9e3b1a06"

commander@2.3.0:
  version "2.3.0"
  resolved "https://registry.yarnpkg.com/commander/-/commander-2.3.0.tgz#fd430e889832ec353b9acd1de217c11cb3eef873"

concat-map@0.0.1:
  version "0.0.1"
  resolved "https://registry.yarnpkg.com/concat-map/-/concat-map-0.0.1.tgz#d8a96bd77fd68df7793a73036a3ba0d5405d477b"

core-js@^2.0.1, core-js@^2.4.0, core-js@^2.4.1:
  version "2.5.1"
  resolved "https://registry.yarnpkg.com/core-js/-/core-js-2.5.1.tgz#ae6874dc66937789b80754ff5428df66819ca50b"

debug@2.2.0:
  version "2.2.0"
  resolved "https://registry.yarnpkg.com/debug/-/debug-2.2.0.tgz#f87057e995b1a1f6ae6a4960664137bc56f039da"
  dependencies:
    ms "0.7.1"

deep-eql@^0.1.3:
  version "0.1.3"
  resolved "https://registry.yarnpkg.com/deep-eql/-/deep-eql-0.1.3.tgz#ef558acab8de25206cd713906d74e56930eb69f2"
  dependencies:
    type-detect "0.1.1"

deep-extend@~0.4.1:
  version "0.4.2"
  resolved "https://registry.yarnpkg.com/deep-extend/-/deep-extend-0.4.2.tgz#48b699c27e334bf89f10892be432f6e4c7d34a7f"

diff@1.4.0:
  version "1.4.0"
  resolved "https://registry.yarnpkg.com/diff/-/diff-1.4.0.tgz#7f28d2eb9ee7b15a97efd89ce63dcfdaa3ccbabf"

escape-string-regexp@1.0.2:
  version "1.0.2"
  resolved "https://registry.yarnpkg.com/escape-string-regexp/-/escape-string-regexp-1.0.2.tgz#4dbc2fe674e71949caf3fb2695ce7f2dc1d9a8d1"

escape-string-regexp@~1.0.5:
  version "1.0.5"
  resolved "https://registry.yarnpkg.com/escape-string-regexp/-/escape-string-regexp-1.0.5.tgz#1b61c0562190a8dff6ae3bb2cf0200ca130b86d4"

espree@~3.1.7:
  version "3.1.7"
  resolved "https://registry.yarnpkg.com/espree/-/espree-3.1.7.tgz#fd5deec76a97a5120a9cd3a7cb1177a0923b11d2"
  dependencies:
    acorn "^3.3.0"
    acorn-jsx "^3.0.0"

feature-detect-es6@^1.2.0, feature-detect-es6@^1.3.1:
  version "1.3.1"
  resolved "https://registry.yarnpkg.com/feature-detect-es6/-/feature-detect-es6-1.3.1.tgz#f888736af9cb0c91f55663bfa4762eb96ee7047f"
  dependencies:
    array-back "^1.0.3"

file-set@^1.0.1:
  version "1.1.1"
  resolved "https://registry.yarnpkg.com/file-set/-/file-set-1.1.1.tgz#d3ec70c080ec8f18f204ba1de106780c9056926b"
  dependencies:
    array-back "^1.0.3"
    glob "^7.1.0"

file-set@~0.2.1:
  version "0.2.8"
  resolved "https://registry.yarnpkg.com/file-set/-/file-set-0.2.8.tgz#73a6571e9cbe51ac5926c88bd567d111f836f178"
  dependencies:
    array-tools "^2"
    glob "^4"

filter-where@^1.0.1:
  version "1.0.1"
  resolved "https://registry.yarnpkg.com/filter-where/-/filter-where-1.0.1.tgz#1b042569edce36bc1c4e9f73740d2c4e2feef77d"
  dependencies:
    test-value "^1.0.1"

find-replace@^1:
  version "1.0.3"
  resolved "https://registry.yarnpkg.com/find-replace/-/find-replace-1.0.3.tgz#b88e7364d2d9c959559f388c66670d6130441fa0"
  dependencies:
    array-back "^1.0.4"
    test-value "^2.1.0"

fs-then-native@^1.0.2:
  version "1.0.2"
  resolved "https://registry.yarnpkg.com/fs-then-native/-/fs-then-native-1.0.2.tgz#ac8d3807c9f1bbd1279607fb228e0ab649bb41fe"
  dependencies:
    feature-detect-es6 "^1.3.1"

fs.realpath@^1.0.0:
  version "1.0.0"
  resolved "https://registry.yarnpkg.com/fs.realpath/-/fs.realpath-1.0.0.tgz#1504ad2523158caa40db4a2787cb01411994ea4f"

glob@3.2.11:
  version "3.2.11"
  resolved "https://registry.yarnpkg.com/glob/-/glob-3.2.11.tgz#4a973f635b9190f715d10987d5c00fd2815ebe3d"
  dependencies:
    inherits "2"
    minimatch "0.3"

glob@^4:
  version "4.5.3"
  resolved "https://registry.yarnpkg.com/glob/-/glob-4.5.3.tgz#c6cb73d3226c1efef04de3c56d012f03377ee15f"
  dependencies:
    inflight "^1.0.4"
    inherits "2"
    minimatch "^2.0.1"
    once "^1.3.0"

glob@^7.1.0:
  version "7.1.2"
  resolved "https://registry.yarnpkg.com/glob/-/glob-7.1.2.tgz#c19c9df9a028702d678612384a6552404c636d15"
  dependencies:
    fs.realpath "^1.0.0"
    inflight "^1.0.4"
    inherits "2"
    minimatch "^3.0.4"
    once "^1.3.0"
    path-is-absolute "^1.0.0"

graceful-fs@^4.1.9:
  version "4.1.11"
  resolved "https://registry.yarnpkg.com/graceful-fs/-/graceful-fs-4.1.11.tgz#0e8bdfe4d1ddb8854d64e04ea7c00e2a026e5658"

growl@1.9.2:
  version "1.9.2"
  resolved "https://registry.yarnpkg.com/growl/-/growl-1.9.2.tgz#0ea7743715db8d8de2c5ede1775e1b45ac85c02f"

inflight@^1.0.4:
  version "1.0.6"
  resolved "https://registry.yarnpkg.com/inflight/-/inflight-1.0.6.tgz#49bd6331d7d02d0c09bc910a1075ba8165b56df9"
  dependencies:
    once "^1.3.0"
    wrappy "1"

inherits@2:
  version "2.0.3"
  resolved "https://registry.yarnpkg.com/inherits/-/inherits-2.0.3.tgz#633c2c83e3da42a502f52466022480f4208261de"

jade@0.26.3:
  version "0.26.3"
  resolved "https://registry.yarnpkg.com/jade/-/jade-0.26.3.tgz#8f10d7977d8d79f2f6ff862a81b0513ccb25686c"
  dependencies:
    commander "0.6.1"
    mkdirp "0.3.0"

js2xmlparser@~1.0.0:
  version "1.0.0"
  resolved "https://registry.yarnpkg.com/js2xmlparser/-/js2xmlparser-1.0.0.tgz#5a170f2e8d6476ce45405e04823242513782fe30"

jsdoc-75lb@^3.5.6:
  version "3.6.0"
  resolved "https://registry.yarnpkg.com/jsdoc-75lb/-/jsdoc-75lb-3.6.0.tgz#a807119528b4009ccbcab49b7522f63fec6cd0bd"
  dependencies:
    bluebird "~3.4.6"
    catharsis "~0.8.8"
    escape-string-regexp "~1.0.5"
    espree "~3.1.7"
    js2xmlparser "~1.0.0"
    klaw "~1.3.0"
    marked "~0.3.6"
    mkdirp "~0.5.1"
    requizzle "~0.2.1"
    strip-json-comments "~2.0.1"
    taffydb "2.6.2"
    underscore "~1.8.3"

jsdoc-api@^1.0.0:
  version "1.2.4"
  resolved "https://registry.yarnpkg.com/jsdoc-api/-/jsdoc-api-1.2.4.tgz#5012235927bfad1e27bc88d07b0ddddb2d3a8a59"
  dependencies:
    array-back "^1.0.3"
    cache-point "~0.3.3"
    collect-all "^1.0.2"
    core-js "^2.4.1"
    feature-detect-es6 "^1.3.1"
    file-set "^1.0.1"
    jsdoc-75lb "^3.5.6"
    object-to-spawn-args "^1.1.0"
    promise.prototype.finally "^1.0.1"
    temp-path "^1.0.0"
    then-fs "^2.0.0"
    walk-back "^2.0.1"

jsdoc-parse@^1.1.0:
  version "1.2.7"
  resolved "https://registry.yarnpkg.com/jsdoc-parse/-/jsdoc-parse-1.2.7.tgz#54b7481b3cd6bcb7c173dc4fa69ee92735ea2525"
  dependencies:
    ansi-escape-sequences "^2.2.1"
    array-tools "^2"
    collect-json "^1.0.1"
    command-line-args "^2.1.4"
    command-line-tool "^0.1.0"
    core-js "^2.0.1"
    feature-detect-es6 "^1.2.0"
    file-set "~0.2.1"
    jsdoc-api "^1.0.0"
    object-tools "^2"
    stream-connect "^1.0.1"
    test-value "^1.0.1"

klaw@~1.3.0:
  version "1.3.1"
  resolved "https://registry.yarnpkg.com/klaw/-/klaw-1.3.1.tgz#4088433b46b3b1ba259d78785d8e96f73ba02439"
  optionalDependencies:
    graceful-fs "^4.1.9"

lru-cache@2:
  version "2.7.3"
  resolved "https://registry.yarnpkg.com/lru-cache/-/lru-cache-2.7.3.tgz#6d4524e8b955f95d4f5b58851ce21dd72fb4e952"

marked@~0.3.6:
  version "0.3.6"
  resolved "https://registry.yarnpkg.com/marked/-/marked-0.3.6.tgz#b2c6c618fccece4ef86c4fc6cb8a7cbf5aeda8d7"

minimatch@0.3:
  version "0.3.0"
  resolved "https://registry.yarnpkg.com/minimatch/-/minimatch-0.3.0.tgz#275d8edaac4f1bb3326472089e7949c8394699dd"
  dependencies:
    lru-cache "2"
    sigmund "~1.0.0"

minimatch@^2.0.1:
  version "2.0.10"
  resolved "https://registry.yarnpkg.com/minimatch/-/minimatch-2.0.10.tgz#8d087c39c6b38c001b97fca7ce6d0e1e80afbac7"
  dependencies:
    brace-expansion "^1.0.0"

minimatch@^3.0.4:
  version "3.0.4"
  resolved "https://registry.yarnpkg.com/minimatch/-/minimatch-3.0.4.tgz#5166e286457f03306064be5497e8dbb0c3d32083"
  dependencies:
    brace-expansion "^1.1.7"

minimist@0.0.8:
  version "0.0.8"
  resolved "https://registry.yarnpkg.com/minimist/-/minimist-0.0.8.tgz#857fcabfc3397d2625b8228262e86aa7a011b05d"

mkdirp@0.3.0:
  version "0.3.0"
  resolved "https://registry.yarnpkg.com/mkdirp/-/mkdirp-0.3.0.tgz#1bbf5ab1ba827af23575143490426455f481fe1e"

mkdirp@0.5.1, mkdirp@~0.5.1:
  version "0.5.1"
  resolved "https://registry.yarnpkg.com/mkdirp/-/mkdirp-0.5.1.tgz#30057438eac6cf7f8c4767f38648d6697d75c903"
  dependencies:
    minimist "0.0.8"

mocha@^2.3.3:
  version "2.5.3"
  resolved "https://registry.yarnpkg.com/mocha/-/mocha-2.5.3.tgz#161be5bdeb496771eb9b35745050b622b5aefc58"
  dependencies:
    commander "2.3.0"
    debug "2.2.0"
    diff "1.4.0"
    escape-string-regexp "1.0.2"
    glob "3.2.11"
    growl "1.9.2"
    jade "0.26.3"
    mkdirp "0.5.1"
    supports-color "1.2.0"
    to-iso-string "0.0.2"

ms@0.7.1:
  version "0.7.1"
  resolved "https://registry.yarnpkg.com/ms/-/ms-0.7.1.tgz#9cd13c03adbff25b65effde7ce864ee952017098"

object-get@^2.0.0, object-get@^2.0.2, object-get@^2.1.0:
  version "2.1.0"
  resolved "https://registry.yarnpkg.com/object-get/-/object-get-2.1.0.tgz#722bbdb60039efa47cad3c6dc2ce51a85c02c5ae"

object-to-spawn-args@^1.1.0:
  version "1.1.1"
  resolved "https://registry.yarnpkg.com/object-to-spawn-args/-/object-to-spawn-args-1.1.1.tgz#77da8827f073d011c9e1b173f895781470246785"

object-tools@^2, object-tools@^2.0.6:
  version "2.0.6"
  resolved "https://registry.yarnpkg.com/object-tools/-/object-tools-2.0.6.tgz#f3fe1c350cda4a6f5d99d9646dc4892a02476ddd"
  dependencies:
    array-back "^1.0.2"
    collect-json "^1.0.7"
    object-get "^2.0.2"
    test-value "^1.1.0"
    typical "^2.4.2"

once@^1.3.0:
  version "1.4.0"
  resolved "https://registry.yarnpkg.com/once/-/once-1.4.0.tgz#583b1aa775961d4b113ac17d9c50baef9dd76bd1"
  dependencies:
    wrappy "1"

path-is-absolute@^1.0.0:
  version "1.0.1"
  resolved "https://registry.yarnpkg.com/path-is-absolute/-/path-is-absolute-1.0.1.tgz#174b9268735534ffbc7ace6bf53a5a9e1b5c5f5f"

promise.prototype.finally@^1.0.1:
  version "1.0.1"
  resolved "https://registry.yarnpkg.com/promise.prototype.finally/-/promise.prototype.finally-1.0.1.tgz#91182f91c92486995740fa05e0da942ac986befa"

"promise@>=3.2 <8":
  version "7.3.1"
  resolved "https://registry.yarnpkg.com/promise/-/promise-7.3.1.tgz#064b72602b18f90f29192b8b1bc418ffd1ebd3bf"
  dependencies:
    asap "~2.0.3"

reduce-extract@^1.0.0:
  version "1.0.0"
  resolved "https://registry.yarnpkg.com/reduce-extract/-/reduce-extract-1.0.0.tgz#67f2385beda65061b5f5f4312662e8b080ca1525"
  dependencies:
    test-value "^1.0.1"

reduce-flatten@^1.0.0:
  version "1.0.1"
  resolved "https://registry.yarnpkg.com/reduce-flatten/-/reduce-flatten-1.0.1.tgz#258c78efd153ddf93cb561237f61184f3696e327"

reduce-unique@^1.0.0:
  version "1.0.0"
  resolved "https://registry.yarnpkg.com/reduce-unique/-/reduce-unique-1.0.0.tgz#7e586bcf87a4e32b6d7abd8277fad6cdec9f4803"

reduce-without@^1.0.0:
  version "1.0.1"
  resolved "https://registry.yarnpkg.com/reduce-without/-/reduce-without-1.0.1.tgz#68ad0ead11855c9a37d4e8256c15bbf87972fc8c"
  dependencies:
    test-value "^2.0.0"

requizzle@~0.2.1:
  version "0.2.1"
  resolved "https://registry.yarnpkg.com/requizzle/-/requizzle-0.2.1.tgz#6943c3530c4d9a7e46f1cddd51c158fc670cdbde"
  dependencies:
    underscore "~1.6.0"

sigmund@~1.0.0:
  version "1.0.1"
  resolved "https://registry.yarnpkg.com/sigmund/-/sigmund-1.0.1.tgz#3ff21f198cad2175f9f3b781853fd94d0d19b590"

sort-array@^1.0.0:
  version "1.1.2"
  resolved "https://registry.yarnpkg.com/sort-array/-/sort-array-1.1.2.tgz#b88986053c0170a7f9de63f18a49ec79c24c3e64"
  dependencies:
    array-back "^1.0.4"
    object-get "^2.1.0"
    typical "^2.6.0"

stream-connect@^1.0.1, stream-connect@^1.0.2:
  version "1.0.2"
  resolved "https://registry.yarnpkg.com/stream-connect/-/stream-connect-1.0.2.tgz#18bc81f2edb35b8b5d9a8009200a985314428a97"
  dependencies:
    array-back "^1.0.2"

stream-via@^1.0.3, stream-via@^1.0.4:
  version "1.0.4"
  resolved "https://registry.yarnpkg.com/stream-via/-/stream-via-1.0.4.tgz#8dccbb0ac909328eb8bc8e2a4bd3934afdaf606c"

stream-via@~0.1.0:
  version "0.1.1"
  resolved "https://registry.yarnpkg.com/stream-via/-/stream-via-0.1.1.tgz#0cee5df9c959fb1d3f4eda4819f289d5f9205afc"

strip-json-comments@~2.0.1:
  version "2.0.1"
  resolved "https://registry.yarnpkg.com/strip-json-comments/-/strip-json-comments-2.0.1.tgz#3c531942e908c2697c0ec344858c286c7ca0a60a"

supports-color@1.2.0:
  version "1.2.0"
  resolved "https://registry.yarnpkg.com/supports-color/-/supports-color-1.2.0.tgz#ff1ed1e61169d06b3cf2d588e188b18d8847e17e"

taffydb@2.6.2:
  version "2.6.2"
  resolved "https://registry.yarnpkg.com/taffydb/-/taffydb-2.6.2.tgz#7cbcb64b5a141b6a2efc2c5d2c67b4e150b2a268"

temp-path@^1.0.0:
  version "1.0.0"
  resolved "https://registry.yarnpkg.com/temp-path/-/temp-path-1.0.0.tgz#24b1543973ab442896d9ad367dd9cbdbfafe918b"

test-value@^1.0.1, test-value@^1.1.0:
  version "1.1.0"
  resolved "https://registry.yarnpkg.com/test-value/-/test-value-1.1.0.tgz#a09136f72ec043d27c893707c2b159bfad7de93f"
  dependencies:
    array-back "^1.0.2"
    typical "^2.4.2"

test-value@^2.0.0, test-value@^2.1.0:
  version "2.1.0"
  resolved "https://registry.yarnpkg.com/test-value/-/test-value-2.1.0.tgz#11da6ff670f3471a73b625ca4f3fdcf7bb748291"
  dependencies:
    array-back "^1.0.3"
    typical "^2.6.0"

then-fs@^2.0.0:
  version "2.0.0"
  resolved "https://registry.yarnpkg.com/then-fs/-/then-fs-2.0.0.tgz#72f792dd9d31705a91ae19ebfcf8b3f968c81da2"
  dependencies:
    promise ">=3.2 <8"

to-iso-string@0.0.2:
  version "0.0.2"
  resolved "https://registry.yarnpkg.com/to-iso-string/-/to-iso-string-0.0.2.tgz#4dc19e664dfccbe25bd8db508b00c6da158255d1"

type-detect@0.1.1:
  version "0.1.1"
  resolved "https://registry.yarnpkg.com/type-detect/-/type-detect-0.1.1.tgz#0ba5ec2a885640e470ea4e8505971900dac58822"

type-detect@^1.0.0:
  version "1.0.0"
  resolved "https://registry.yarnpkg.com/type-detect/-/type-detect-1.0.0.tgz#762217cc06db258ec48908a1298e8b95121e8ea2"

typical@^2.3.0, typical@^2.4.2, typical@^2.5.0, typical@^2.6.0:
  version "2.6.1"
  resolved "https://registry.yarnpkg.com/typical/-/typical-2.6.1.tgz#5c080e5d661cbbe38259d2e70a3c7253e873881d"

underscore-contrib@~0.3.0:
  version "0.3.0"
  resolved "https://registry.yarnpkg.com/underscore-contrib/-/underscore-contrib-0.3.0.tgz#665b66c24783f8fa2b18c9f8cbb0e2c7d48c26c7"
  dependencies:
    underscore "1.6.0"

underscore@1.6.0, underscore@~1.6.0:
  version "1.6.0"
  resolved "https://registry.yarnpkg.com/underscore/-/underscore-1.6.0.tgz#8b38b10cacdef63337b8b24e4ff86d45aea529a8"

underscore@~1.8.3:
  version "1.8.3"
  resolved "https://registry.yarnpkg.com/underscore/-/underscore-1.8.3.tgz#4f3fb53b106e6097fcf9cb4109f2a5e9bdfa5022"

walk-back@^2.0.1:
  version "2.0.1"
  resolved "https://registry.yarnpkg.com/walk-back/-/walk-back-2.0.1.tgz#554e2a9d874fac47a8cb006bf44c2f0c4998a0a4"

wordwrapjs@^1.2.0:
  version "1.2.1"
  resolved "https://registry.yarnpkg.com/wordwrapjs/-/wordwrapjs-1.2.1.tgz#754a5ea0664cfbff50540dc32d67bda3289fc34b"
  dependencies:
    array-back "^1.0.3"
    typical "^2.5.0"

wrappy@1:
  version "1.0.2"
  resolved "https://registry.yarnpkg.com/wrappy/-/wrappy-1.0.2.tgz#b5243d8f3ec1aa35f1364605bc0d1036e30ab69f"
